
Microsoft Visual Studio Solution File, Format Version 12.00
# Visual Studio Version 17
VisualStudioVersion = 17.8.34511.84
MinimumVisualStudioVersion = 10.0.40219.1
Project("{9A19103F-16F7-4668-BE54-9A1E7A4F7556}") = "seleniumC#", "seleniumC#.csproj", "{C1EFE2BE-4671-4D81-9B85-E46F8F5A10E8}"
EndProject
Project("{2150E333-8FDC-42A3-9474-1A3956D46DE8}") = "Elementy rozwiązania", "Elementy rozwiązania", "{1AFEE784-2707-4E95-89A0-9AFA1C6FA1BB}"
	ProjectSection(SolutionItems) = preProject
		AssemblyInfo.cs = AssemblyInfo.cs
		SeleniumCSharpTutorial04.cs = SeleniumCSharpTutorial04.cs
	EndProjectSection
EndProject
Project("{9A19103F-16F7-4668-BE54-9A1E7A4F7556}") = "playwright", "..\cc\playwright.csproj", "{16C5F70C-71ED-4298-A18F-7C5E86DBC98F}"
EndProject
Global
	GlobalSection(SolutionConfigurationPlatforms) = preSolution
		Debug|Any CPU = Debug|Any CPU
		Release|Any CPU = Release|Any CPU
	EndGlobalSection
	GlobalSection(ProjectConfigurationPlatforms) = postSolution
		{C1EFE2BE-4671-4D81-9B85-E46F8F5A10E8}.Debug|Any CPU.ActiveCfg = Debug|Any CPU
		{C1EFE2BE-4671-4D81-9B85-E46F8F5A10E8}.Debug|Any CPU.Build.0 = Debug|Any CPU
		{C1EFE2BE-4671-4D81-9B85-E46F8F5A10E8}.Release|Any CPU.ActiveCfg = Release|Any CPU
		{C1EFE2BE-4671-4D81-9B85-E46F8F5A10E8}.Release|Any CPU.Build.0 = Release|Any CPU
		{16C5F70C-71ED-4298-A18F-7C5E86DBC98F}.Debug|Any CPU.ActiveCfg = Debug|Any CPU
		{16C5F70C-71ED-4298-A18F-7C5E86DBC98F}.Debug|Any CPU.Build.0 = Debug|Any CPU
		{16C5F70C-71ED-4298-A18F-7C5E86DBC98F}.Release|Any CPU.ActiveCfg = Release|Any CPU
		{16C5F70C-71ED-4298-A18F-7C5E86DBC98F}.Release|Any CPU.Build.0 = Release|Any CPU
	EndGlobalSection
	GlobalSection(SolutionProperties) = preSolution
		HideSolutionNode = FALSE
	EndGlobalSection
	GlobalSection(ExtensibilityGlobals) = postSolution
		SolutionGuid = {3A9EAEED-8476-430A-884E-62ED7D52D959}
	EndGlobalSection
EndGlobal
